
Microsoft Visual Studio Solution File, Format Version 12.00
# Visual Studio 15
VisualStudioVersion = 15.0.28307.329
MinimumVisualStudioVersion = 10.0.40219.1
Project("{FAE04EC0-301F-11D3-BF4B-00C04F79EFBC}") = "GTimVS", "GTimVS\GTimVS.csproj", "{4DF16471-974A-41C1-AF13-AECC14DB79FF}"
EndProject
Global
	GlobalSection(SolutionConfigurationPlatforms) = preSolution
		Debug|Any CPU = Debug|Any CPU
		Release|Any CPU = Release|Any CPU
	EndGlobalSection
	GlobalSection(ProjectConfigurationPlatforms) = postSolution
		{4DF16471-974A-41C1-AF13-AECC14DB79FF}.Debug|Any CPU.ActiveCfg = Debug|Any CPU
		{4DF16471-974A-41C1-AF13-AECC14DB79FF}.Debug|Any CPU.Build.0 = Debug|Any CPU
		{4DF16471-974A-41C1-AF13-AECC14DB79FF}.Release|Any CPU.ActiveCfg = Release|Any CPU
		{4DF16471-974A-41C1-AF13-AECC14DB79FF}.Release|Any CPU.Build.0 = Release|Any CPU
	EndGlobalSection
	GlobalSection(SolutionProperties) = preSolution
		HideSolutionNode = FALSE
	EndGlobalSection
	GlobalSection(ExtensibilityGlobals) = postSolution
		SolutionGuid = {A2A67341-9F80-481C-8452-46D71D28D90A}
	EndGlobalSection
EndGlobal
